
Microsoft Visual Studio Solution File, Format Version 12.00
# Visual Studio Version 16
VisualStudioVersion = 16.0.30320.27
MinimumVisualStudioVersion = 10.0.40219.1
Project("{9A19103F-16F7-4668-BE54-9A1E7A4F7556}") = "eShop.Frontend", "eShop.Frontend\eShop.Frontend.csproj", "{93038878-FF5A-4C52-8E78-89871F12F0EC}"
EndProject
Project("{2150E333-8FDC-42A3-9474-1A3956D46DE8}") = "Frontend", "Frontend", "{0DF6A5A3-A74E-4C98-B48B-61D3E26D83AB}"
EndProject
Project("{2150E333-8FDC-42A3-9474-1A3956D46DE8}") = "APIGateway", "APIGateway", "{D6CDCB27-E520-4184-86CA-EE59F9050104}"
EndProject
Project("{2150E333-8FDC-42A3-9474-1A3956D46DE8}") = "Services", "Services", "{904EB5C7-9B63-4ED0-B56C-E5A89ED4B77C}"
EndProject
Project("{9A19103F-16F7-4668-BE54-9A1E7A4F7556}") = "eShop.APIGateway", "eShop.APIGateway\eShop.APIGateway.csproj", "{D5B5D53B-B30D-4B2F-A111-289ADCFDE2E2}"
EndProject
Project("{2150E333-8FDC-42A3-9474-1A3956D46DE8}") = "Basket", "Basket", "{0D8089D6-1994-43F0-B00D-937BBBBE3391}"
EndProject
Project("{2150E333-8FDC-42A3-9474-1A3956D46DE8}") = "Product", "Product", "{35926C54-BD40-4766-8BEC-28E56702ED50}"
EndProject
Project("{2150E333-8FDC-42A3-9474-1A3956D46DE8}") = "Auth", "Auth", "{822F1070-C237-4576-A4BA-2D2B8844BDDB}"
EndProject
Project("{2150E333-8FDC-42A3-9474-1A3956D46DE8}") = "Order", "Order", "{977ADC32-218F-478D-88AE-65172419131D}"
EndProject
Project("{2150E333-8FDC-42A3-9474-1A3956D46DE8}") = "Payment", "Payment", "{9E4EFBB5-AB97-4CAA-B909-99059F06DC79}"
EndProject
Project("{9A19103F-16F7-4668-BE54-9A1E7A4F7556}") = "InternalServer", "InternalServer\InternalServer.csproj", "{604181E9-08D6-471F-A0A1-F29054543305}"
EndProject
Project("{9A19103F-16F7-4668-BE54-9A1E7A4F7556}") = "eShop.Product.API", "eShop.Product.API\eShop.Product.API.csproj", "{9B53E08F-69F5-42EC-868F-95C2BB913055}"
EndProject
Project("{9A19103F-16F7-4668-BE54-9A1E7A4F7556}") = "eShop.ProductEntities", "eShop.ProductEntities\eShop.ProductEntities.csproj", "{C9A24AFB-42B6-4D2F-9E6D-A8992CEC0456}"
EndProject
Project("{9A19103F-16F7-4668-BE54-9A1E7A4F7556}") = "eShop.Common", "eShop.Common\eShop.Common.csproj", "{7F3F2786-F2C5-43B8-B135-95A68C13A6D4}"
EndProject
Project("{2150E333-8FDC-42A3-9474-1A3956D46DE8}") = "Common", "Common", "{C5C04E44-84E5-410D-BB10-450E69EE698C}"
EndProject
Global
	GlobalSection(SolutionConfigurationPlatforms) = preSolution
		Debug|Any CPU = Debug|Any CPU
		Release|Any CPU = Release|Any CPU
	EndGlobalSection
	GlobalSection(ProjectConfigurationPlatforms) = postSolution
		{93038878-FF5A-4C52-8E78-89871F12F0EC}.Debug|Any CPU.ActiveCfg = Debug|Any CPU
		{93038878-FF5A-4C52-8E78-89871F12F0EC}.Debug|Any CPU.Build.0 = Debug|Any CPU
		{93038878-FF5A-4C52-8E78-89871F12F0EC}.Release|Any CPU.ActiveCfg = Release|Any CPU
		{93038878-FF5A-4C52-8E78-89871F12F0EC}.Release|Any CPU.Build.0 = Release|Any CPU
		{D5B5D53B-B30D-4B2F-A111-289ADCFDE2E2}.Debug|Any CPU.ActiveCfg = Debug|Any CPU
		{D5B5D53B-B30D-4B2F-A111-289ADCFDE2E2}.Debug|Any CPU.Build.0 = Debug|Any CPU
		{D5B5D53B-B30D-4B2F-A111-289ADCFDE2E2}.Release|Any CPU.ActiveCfg = Release|Any CPU
		{D5B5D53B-B30D-4B2F-A111-289ADCFDE2E2}.Release|Any CPU.Build.0 = Release|Any CPU
		{604181E9-08D6-471F-A0A1-F29054543305}.Debug|Any CPU.ActiveCfg = Debug|Any CPU
		{604181E9-08D6-471F-A0A1-F29054543305}.Debug|Any CPU.Build.0 = Debug|Any CPU
		{604181E9-08D6-471F-A0A1-F29054543305}.Release|Any CPU.ActiveCfg = Release|Any CPU
		{604181E9-08D6-471F-A0A1-F29054543305}.Release|Any CPU.Build.0 = Release|Any CPU
		{9B53E08F-69F5-42EC-868F-95C2BB913055}.Debug|Any CPU.ActiveCfg = Debug|Any CPU
		{9B53E08F-69F5-42EC-868F-95C2BB913055}.Debug|Any CPU.Build.0 = Debug|Any CPU
		{9B53E08F-69F5-42EC-868F-95C2BB913055}.Release|Any CPU.ActiveCfg = Release|Any CPU
		{9B53E08F-69F5-42EC-868F-95C2BB913055}.Release|Any CPU.Build.0 = Release|Any CPU
		{C9A24AFB-42B6-4D2F-9E6D-A8992CEC0456}.Debug|Any CPU.ActiveCfg = Debug|Any CPU
		{C9A24AFB-42B6-4D2F-9E6D-A8992CEC0456}.Debug|Any CPU.Build.0 = Debug|Any CPU
		{C9A24AFB-42B6-4D2F-9E6D-A8992CEC0456}.Release|Any CPU.ActiveCfg = Release|Any CPU
		{C9A24AFB-42B6-4D2F-9E6D-A8992CEC0456}.Release|Any CPU.Build.0 = Release|Any CPU
		{7F3F2786-F2C5-43B8-B135-95A68C13A6D4}.Debug|Any CPU.ActiveCfg = Debug|Any CPU
		{7F3F2786-F2C5-43B8-B135-95A68C13A6D4}.Debug|Any CPU.Build.0 = Debug|Any CPU
		{7F3F2786-F2C5-43B8-B135-95A68C13A6D4}.Release|Any CPU.ActiveCfg = Release|Any CPU
		{7F3F2786-F2C5-43B8-B135-95A68C13A6D4}.Release|Any CPU.Build.0 = Release|Any CPU
	EndGlobalSection
	GlobalSection(SolutionProperties) = preSolution
		HideSolutionNode = FALSE
	EndGlobalSection
	GlobalSection(NestedProjects) = preSolution
		{93038878-FF5A-4C52-8E78-89871F12F0EC} = {0DF6A5A3-A74E-4C98-B48B-61D3E26D83AB}
		{D5B5D53B-B30D-4B2F-A111-289ADCFDE2E2} = {D6CDCB27-E520-4184-86CA-EE59F9050104}
		{0D8089D6-1994-43F0-B00D-937BBBBE3391} = {904EB5C7-9B63-4ED0-B56C-E5A89ED4B77C}
		{35926C54-BD40-4766-8BEC-28E56702ED50} = {904EB5C7-9B63-4ED0-B56C-E5A89ED4B77C}
		{822F1070-C237-4576-A4BA-2D2B8844BDDB} = {904EB5C7-9B63-4ED0-B56C-E5A89ED4B77C}
		{977ADC32-218F-478D-88AE-65172419131D} = {904EB5C7-9B63-4ED0-B56C-E5A89ED4B77C}
		{9E4EFBB5-AB97-4CAA-B909-99059F06DC79} = {904EB5C7-9B63-4ED0-B56C-E5A89ED4B77C}
		{604181E9-08D6-471F-A0A1-F29054543305} = {0DF6A5A3-A74E-4C98-B48B-61D3E26D83AB}
		{9B53E08F-69F5-42EC-868F-95C2BB913055} = {35926C54-BD40-4766-8BEC-28E56702ED50}
		{C9A24AFB-42B6-4D2F-9E6D-A8992CEC0456} = {35926C54-BD40-4766-8BEC-28E56702ED50}
		{7F3F2786-F2C5-43B8-B135-95A68C13A6D4} = {C5C04E44-84E5-410D-BB10-450E69EE698C}
	EndGlobalSection
	GlobalSection(ExtensibilityGlobals) = postSolution
		SolutionGuid = {3B332B6A-2CFD-40FA-9ABE-4E2B4EB25A7F}
	EndGlobalSection
EndGlobal
