
Microsoft Visual Studio Solution File, Format Version 12.00
# Visual Studio Version 16
VisualStudioVersion = 16.0.30320.27
MinimumVisualStudioVersion = 10.0.40219.1
Project("{9A19103F-16F7-4668-BE54-9A1E7A4F7556}") = "eShop.Frontend", "eShop.Frontend\eShop.Frontend.csproj", "{93038878-FF5A-4C52-8E78-89871F12F0EC}"
EndProject
Project("{2150E333-8FDC-42A3-9474-1A3956D46DE8}") = "eShop.Frontend", "eShop.Frontend", "{0DF6A5A3-A74E-4C98-B48B-61D3E26D83AB}"
EndProject
Project("{2150E333-8FDC-42A3-9474-1A3956D46DE8}") = "eShop.APIGateway", "eShop.APIGateway", "{D6CDCB27-E520-4184-86CA-EE59F9050104}"
EndProject
Project("{2150E333-8FDC-42A3-9474-1A3956D46DE8}") = "eShop.Services", "eShop.Services", "{904EB5C7-9B63-4ED0-B56C-E5A89ED4B77C}"
EndProject
Project("{9A19103F-16F7-4668-BE54-9A1E7A4F7556}") = "eShop.APIGateway", "eShop.APIGateway\eShop.APIGateway.csproj", "{D5B5D53B-B30D-4B2F-A111-289ADCFDE2E2}"
EndProject
Project("{2150E333-8FDC-42A3-9474-1A3956D46DE8}") = "eShop.Product", "eShop.Product", "{35926C54-BD40-4766-8BEC-28E56702ED50}"
EndProject
Project("{2150E333-8FDC-42A3-9474-1A3956D46DE8}") = "eShop.Auth", "eShop.Auth", "{822F1070-C237-4576-A4BA-2D2B8844BDDB}"
EndProject
Project("{9A19103F-16F7-4668-BE54-9A1E7A4F7556}") = "eShop.Product.API", "eShop.Product.API\eShop.Product.API.csproj", "{9B53E08F-69F5-42EC-868F-95C2BB913055}"
EndProject
Project("{9A19103F-16F7-4668-BE54-9A1E7A4F7556}") = "eShop.ProductEntities", "eShop.ProductEntities\eShop.ProductEntities.csproj", "{C9A24AFB-42B6-4D2F-9E6D-A8992CEC0456}"
EndProject
Project("{9A19103F-16F7-4668-BE54-9A1E7A4F7556}") = "eShop.Common", "eShop.Common\eShop.Common.csproj", "{7F3F2786-F2C5-43B8-B135-95A68C13A6D4}"
EndProject
Project("{2150E333-8FDC-42A3-9474-1A3956D46DE8}") = "eShop.Common", "eShop.Common", "{C5C04E44-84E5-410D-BB10-450E69EE698C}"
EndProject
Project("{9A19103F-16F7-4668-BE54-9A1E7A4F7556}") = "eShop.Identity.API", "eShop.Identity.API\eShop.Identity.API.csproj", "{10EB0CDD-0C02-407E-BB56-8026028B3670}"
EndProject
Project("{9A19103F-16F7-4668-BE54-9A1E7A4F7556}") = "eShop.IdentityEntities", "eShop.IdentityEntities\eShop.IdentityEntities.csproj", "{DC5B67F8-7CE8-4F6D-AB16-042C184C1A4F}"
EndProject
Project("{2150E333-8FDC-42A3-9474-1A3956D46DE8}") = "eShop.InternalServer", "eShop.InternalServer", "{83FC65B5-7947-46B4-A105-E93E8B69F2D1}"
EndProject
Project("{9A19103F-16F7-4668-BE54-9A1E7A4F7556}") = "eShop.InternalServer", "eShop.InternalServer\eShop.InternalServer.csproj", "{78A13241-9474-4939-8499-571BD451B902}"
EndProject
Project("{2150E333-8FDC-42A3-9474-1A3956D46DE8}") = "eShop.Ordering", "eShop.Ordering", "{5654C6B2-0735-4A45-AEE9-8536E0952348}"
EndProject
Project("{9A19103F-16F7-4668-BE54-9A1E7A4F7556}") = "eShop.Order.API", "eShop.Order.API\eShop.Order.API.csproj", "{B92104F5-F305-4408-BC73-8E71C3F98300}"
EndProject
Project("{9A19103F-16F7-4668-BE54-9A1E7A4F7556}") = "eShop.OrderEntities", "eShop.OrderEntities\eShop.OrderEntities.csproj", "{FD051417-4855-467F-B30A-B9D6A42DEDBF}"
EndProject
Project("{2150E333-8FDC-42A3-9474-1A3956D46DE8}") = "eShop.Payment", "eShop.Payment", "{C1F3C09E-9565-44D9-833D-567F0C6FEF99}"
EndProject
Project("{9A19103F-16F7-4668-BE54-9A1E7A4F7556}") = "eShop.Payment.API", "eShop.Payment.API\eShop.Payment.API.csproj", "{6B13B608-5619-4956-A3E0-6B0A676EACB6}"
EndProject
Project("{9A19103F-16F7-4668-BE54-9A1E7A4F7556}") = "eShop.PaymentEntities", "eShop.PaymentEntities\eShop.PaymentEntities.csproj", "{C2EFBA12-A486-4218-ABFB-9CB82754438A}"
EndProject
Project("{2150E333-8FDC-42A3-9474-1A3956D46DE8}") = "eShop.Reporting", "eShop.Reporting", "{2C1D6AC3-EB38-478C-A436-CA13056C7920}"
EndProject
Project("{9A19103F-16F7-4668-BE54-9A1E7A4F7556}") = "eShop.Reporting.API", "eShop.Reporting.API\eShop.Reporting.API.csproj", "{A0BF726D-B6ED-4CEC-8464-0240739A1693}"
EndProject
Global
	GlobalSection(SolutionConfigurationPlatforms) = preSolution
		Debug|Any CPU = Debug|Any CPU
		Release|Any CPU = Release|Any CPU
	EndGlobalSection
	GlobalSection(ProjectConfigurationPlatforms) = postSolution
		{93038878-FF5A-4C52-8E78-89871F12F0EC}.Debug|Any CPU.ActiveCfg = Debug|Any CPU
		{93038878-FF5A-4C52-8E78-89871F12F0EC}.Debug|Any CPU.Build.0 = Debug|Any CPU
		{93038878-FF5A-4C52-8E78-89871F12F0EC}.Release|Any CPU.ActiveCfg = Release|Any CPU
		{93038878-FF5A-4C52-8E78-89871F12F0EC}.Release|Any CPU.Build.0 = Release|Any CPU
		{D5B5D53B-B30D-4B2F-A111-289ADCFDE2E2}.Debug|Any CPU.ActiveCfg = Debug|Any CPU
		{D5B5D53B-B30D-4B2F-A111-289ADCFDE2E2}.Debug|Any CPU.Build.0 = Debug|Any CPU
		{D5B5D53B-B30D-4B2F-A111-289ADCFDE2E2}.Release|Any CPU.ActiveCfg = Release|Any CPU
		{D5B5D53B-B30D-4B2F-A111-289ADCFDE2E2}.Release|Any CPU.Build.0 = Release|Any CPU
		{9B53E08F-69F5-42EC-868F-95C2BB913055}.Debug|Any CPU.ActiveCfg = Debug|Any CPU
		{9B53E08F-69F5-42EC-868F-95C2BB913055}.Debug|Any CPU.Build.0 = Debug|Any CPU
		{9B53E08F-69F5-42EC-868F-95C2BB913055}.Release|Any CPU.ActiveCfg = Release|Any CPU
		{9B53E08F-69F5-42EC-868F-95C2BB913055}.Release|Any CPU.Build.0 = Release|Any CPU
		{C9A24AFB-42B6-4D2F-9E6D-A8992CEC0456}.Debug|Any CPU.ActiveCfg = Debug|Any CPU
		{C9A24AFB-42B6-4D2F-9E6D-A8992CEC0456}.Debug|Any CPU.Build.0 = Debug|Any CPU
		{C9A24AFB-42B6-4D2F-9E6D-A8992CEC0456}.Release|Any CPU.ActiveCfg = Release|Any CPU
		{C9A24AFB-42B6-4D2F-9E6D-A8992CEC0456}.Release|Any CPU.Build.0 = Release|Any CPU
		{7F3F2786-F2C5-43B8-B135-95A68C13A6D4}.Debug|Any CPU.ActiveCfg = Debug|Any CPU
		{7F3F2786-F2C5-43B8-B135-95A68C13A6D4}.Debug|Any CPU.Build.0 = Debug|Any CPU
		{7F3F2786-F2C5-43B8-B135-95A68C13A6D4}.Release|Any CPU.ActiveCfg = Release|Any CPU
		{7F3F2786-F2C5-43B8-B135-95A68C13A6D4}.Release|Any CPU.Build.0 = Release|Any CPU
		{10EB0CDD-0C02-407E-BB56-8026028B3670}.Debug|Any CPU.ActiveCfg = Debug|Any CPU
		{10EB0CDD-0C02-407E-BB56-8026028B3670}.Debug|Any CPU.Build.0 = Debug|Any CPU
		{10EB0CDD-0C02-407E-BB56-8026028B3670}.Release|Any CPU.ActiveCfg = Release|Any CPU
		{10EB0CDD-0C02-407E-BB56-8026028B3670}.Release|Any CPU.Build.0 = Release|Any CPU
		{DC5B67F8-7CE8-4F6D-AB16-042C184C1A4F}.Debug|Any CPU.ActiveCfg = Debug|Any CPU
		{DC5B67F8-7CE8-4F6D-AB16-042C184C1A4F}.Debug|Any CPU.Build.0 = Debug|Any CPU
		{DC5B67F8-7CE8-4F6D-AB16-042C184C1A4F}.Release|Any CPU.ActiveCfg = Release|Any CPU
		{DC5B67F8-7CE8-4F6D-AB16-042C184C1A4F}.Release|Any CPU.Build.0 = Release|Any CPU
		{78A13241-9474-4939-8499-571BD451B902}.Debug|Any CPU.ActiveCfg = Debug|Any CPU
		{78A13241-9474-4939-8499-571BD451B902}.Debug|Any CPU.Build.0 = Debug|Any CPU
		{78A13241-9474-4939-8499-571BD451B902}.Release|Any CPU.ActiveCfg = Release|Any CPU
		{78A13241-9474-4939-8499-571BD451B902}.Release|Any CPU.Build.0 = Release|Any CPU
		{B92104F5-F305-4408-BC73-8E71C3F98300}.Debug|Any CPU.ActiveCfg = Debug|Any CPU
		{B92104F5-F305-4408-BC73-8E71C3F98300}.Debug|Any CPU.Build.0 = Debug|Any CPU
		{B92104F5-F305-4408-BC73-8E71C3F98300}.Release|Any CPU.ActiveCfg = Release|Any CPU
		{B92104F5-F305-4408-BC73-8E71C3F98300}.Release|Any CPU.Build.0 = Release|Any CPU
		{FD051417-4855-467F-B30A-B9D6A42DEDBF}.Debug|Any CPU.ActiveCfg = Debug|Any CPU
		{FD051417-4855-467F-B30A-B9D6A42DEDBF}.Debug|Any CPU.Build.0 = Debug|Any CPU
		{FD051417-4855-467F-B30A-B9D6A42DEDBF}.Release|Any CPU.ActiveCfg = Release|Any CPU
		{FD051417-4855-467F-B30A-B9D6A42DEDBF}.Release|Any CPU.Build.0 = Release|Any CPU
		{6B13B608-5619-4956-A3E0-6B0A676EACB6}.Debug|Any CPU.ActiveCfg = Debug|Any CPU
		{6B13B608-5619-4956-A3E0-6B0A676EACB6}.Debug|Any CPU.Build.0 = Debug|Any CPU
		{6B13B608-5619-4956-A3E0-6B0A676EACB6}.Release|Any CPU.ActiveCfg = Release|Any CPU
		{6B13B608-5619-4956-A3E0-6B0A676EACB6}.Release|Any CPU.Build.0 = Release|Any CPU
		{C2EFBA12-A486-4218-ABFB-9CB82754438A}.Debug|Any CPU.ActiveCfg = Debug|Any CPU
		{C2EFBA12-A486-4218-ABFB-9CB82754438A}.Debug|Any CPU.Build.0 = Debug|Any CPU
		{C2EFBA12-A486-4218-ABFB-9CB82754438A}.Release|Any CPU.ActiveCfg = Release|Any CPU
		{C2EFBA12-A486-4218-ABFB-9CB82754438A}.Release|Any CPU.Build.0 = Release|Any CPU
		{A0BF726D-B6ED-4CEC-8464-0240739A1693}.Debug|Any CPU.ActiveCfg = Debug|Any CPU
		{A0BF726D-B6ED-4CEC-8464-0240739A1693}.Debug|Any CPU.Build.0 = Debug|Any CPU
		{A0BF726D-B6ED-4CEC-8464-0240739A1693}.Release|Any CPU.ActiveCfg = Release|Any CPU
		{A0BF726D-B6ED-4CEC-8464-0240739A1693}.Release|Any CPU.Build.0 = Release|Any CPU
	EndGlobalSection
	GlobalSection(SolutionProperties) = preSolution
		HideSolutionNode = FALSE
	EndGlobalSection
	GlobalSection(NestedProjects) = preSolution
		{93038878-FF5A-4C52-8E78-89871F12F0EC} = {0DF6A5A3-A74E-4C98-B48B-61D3E26D83AB}
		{D5B5D53B-B30D-4B2F-A111-289ADCFDE2E2} = {D6CDCB27-E520-4184-86CA-EE59F9050104}
		{35926C54-BD40-4766-8BEC-28E56702ED50} = {904EB5C7-9B63-4ED0-B56C-E5A89ED4B77C}
		{822F1070-C237-4576-A4BA-2D2B8844BDDB} = {904EB5C7-9B63-4ED0-B56C-E5A89ED4B77C}
		{9B53E08F-69F5-42EC-868F-95C2BB913055} = {35926C54-BD40-4766-8BEC-28E56702ED50}
		{C9A24AFB-42B6-4D2F-9E6D-A8992CEC0456} = {35926C54-BD40-4766-8BEC-28E56702ED50}
		{7F3F2786-F2C5-43B8-B135-95A68C13A6D4} = {C5C04E44-84E5-410D-BB10-450E69EE698C}
		{10EB0CDD-0C02-407E-BB56-8026028B3670} = {822F1070-C237-4576-A4BA-2D2B8844BDDB}
		{DC5B67F8-7CE8-4F6D-AB16-042C184C1A4F} = {822F1070-C237-4576-A4BA-2D2B8844BDDB}
		{78A13241-9474-4939-8499-571BD451B902} = {83FC65B5-7947-46B4-A105-E93E8B69F2D1}
		{5654C6B2-0735-4A45-AEE9-8536E0952348} = {904EB5C7-9B63-4ED0-B56C-E5A89ED4B77C}
		{B92104F5-F305-4408-BC73-8E71C3F98300} = {5654C6B2-0735-4A45-AEE9-8536E0952348}
		{FD051417-4855-467F-B30A-B9D6A42DEDBF} = {5654C6B2-0735-4A45-AEE9-8536E0952348}
		{C1F3C09E-9565-44D9-833D-567F0C6FEF99} = {904EB5C7-9B63-4ED0-B56C-E5A89ED4B77C}
		{6B13B608-5619-4956-A3E0-6B0A676EACB6} = {C1F3C09E-9565-44D9-833D-567F0C6FEF99}
		{C2EFBA12-A486-4218-ABFB-9CB82754438A} = {C1F3C09E-9565-44D9-833D-567F0C6FEF99}
		{2C1D6AC3-EB38-478C-A436-CA13056C7920} = {904EB5C7-9B63-4ED0-B56C-E5A89ED4B77C}
		{A0BF726D-B6ED-4CEC-8464-0240739A1693} = {2C1D6AC3-EB38-478C-A436-CA13056C7920}
	EndGlobalSection
	GlobalSection(ExtensibilityGlobals) = postSolution
		SolutionGuid = {3B332B6A-2CFD-40FA-9ABE-4E2B4EB25A7F}
	EndGlobalSection
EndGlobal
